// !$*UTF8*$!
{
	archiveVersion = 1;
	classes = {
	};
	objectVersion = 46;
	objects = {

/* Begin PBXBuildFile section */
		05B7B14B2AAD42648BD96A5F /* libPods.a in Frameworks */ = {isa = PBXBuildFile; fileRef = 40942103FE8C469BB71F51F9 /* libPods.a */; };
		A00354CD19B9BE3E004EB397 /* DateUtil.m in Sources */ = {isa = PBXBuildFile; fileRef = A00354C419B9BE3E004EB397 /* DateUtil.m */; };
		A00354CE19B9BE3E004EB397 /* DMLazyScrollView.m in Sources */ = {isa = PBXBuildFile; fileRef = A00354C719B9BE3E004EB397 /* DMLazyScrollView.m */; };
		A00354CF19B9BE3E004EB397 /* SACalendar.m in Sources */ = {isa = PBXBuildFile; fileRef = A00354C919B9BE3E004EB397 /* SACalendar.m */; };
		A00354D019B9BE3E004EB397 /* SACalendarCell.m in Sources */ = {isa = PBXBuildFile; fileRef = A00354CB19B9BE3E004EB397 /* SACalendarCell.m */; };
		A00354D319B9C9F0004EB397 /* NDSACAlendarViewController.m in Sources */ = {isa = PBXBuildFile; fileRef = A00354D219B9C9F0004EB397 /* NDSACAlendarViewController.m */; };
		A0952EC719B9A97F00E6C693 /* Foundation.framework in Frameworks */ = {isa = PBXBuildFile; fileRef = A0952EC619B9A97F00E6C693 /* Foundation.framework */; };
		A0952EC919B9A97F00E6C693 /* CoreGraphics.framework in Frameworks */ = {isa = PBXBuildFile; fileRef = A0952EC819B9A97F00E6C693 /* CoreGraphics.framework */; };
		A0952ECB19B9A97F00E6C693 /* UIKit.framework in Frameworks */ = {isa = PBXBuildFile; fileRef = A0952ECA19B9A97F00E6C693 /* UIKit.framework */; };
		A0952ED119B9A97F00E6C693 /* InfoPlist.strings in Resources */ = {isa = PBXBuildFile; fileRef = A0952ECF19B9A97F00E6C693 /* InfoPlist.strings */; };
		A0952ED319B9A97F00E6C693 /* main.m in Sources */ = {isa = PBXBuildFile; fileRef = A0952ED219B9A97F00E6C693 /* main.m */; };
		A0952ED719B9A97F00E6C693 /* NDAppDelegate.m in Sources */ = {isa = PBXBuildFile; fileRef = A0952ED619B9A97F00E6C693 /* NDAppDelegate.m */; };
		A0952EDA19B9A97F00E6C693 /* Main.storyboard in Resources */ = {isa = PBXBuildFile; fileRef = A0952ED819B9A97F00E6C693 /* Main.storyboard */; };
		A0952EDD19B9A97F00E6C693 /* NDViewController.m in Sources */ = {isa = PBXBuildFile; fileRef = A0952EDC19B9A97F00E6C693 /* NDViewController.m */; };
		A0952EDF19B9A97F00E6C693 /* Images.xcassets in Resources */ = {isa = PBXBuildFile; fileRef = A0952EDE19B9A97F00E6C693 /* Images.xcassets */; };
		A0952EE619B9A97F00E6C693 /* XCTest.framework in Frameworks */ = {isa = PBXBuildFile; fileRef = A0952EE519B9A97F00E6C693 /* XCTest.framework */; };
		A0952EE719B9A97F00E6C693 /* Foundation.framework in Frameworks */ = {isa = PBXBuildFile; fileRef = A0952EC619B9A97F00E6C693 /* Foundation.framework */; };
		A0952EE819B9A97F00E6C693 /* UIKit.framework in Frameworks */ = {isa = PBXBuildFile; fileRef = A0952ECA19B9A97F00E6C693 /* UIKit.framework */; };
		A0952EF019B9A97F00E6C693 /* InfoPlist.strings in Resources */ = {isa = PBXBuildFile; fileRef = A0952EEE19B9A97F00E6C693 /* InfoPlist.strings */; };
		A0952EF219B9A97F00E6C693 /* NDCalendarTests.m in Sources */ = {isa = PBXBuildFile; fileRef = A0952EF119B9A97F00E6C693 /* NDCalendarTests.m */; };
		A0994C7719BF173E0074FD30 /* MDCalendar.m in Sources */ = {isa = PBXBuildFile; fileRef = A0994C7419BF173E0074FD30 /* MDCalendar.m */; };
		A0994C7819BF173E0074FD30 /* NSDate+MDCalendar.m in Sources */ = {isa = PBXBuildFile; fileRef = A0994C7619BF173E0074FD30 /* NSDate+MDCalendar.m */; };
		A0FD3C2419B9AFD2000FFCB9 /* UIColor+MDCalendarDemo.m in Sources */ = {isa = PBXBuildFile; fileRef = A0FD3C2319B9AFD2000FFCB9 /* UIColor+MDCalendarDemo.m */; };
		A0FD3C2719B9B304000FFCB9 /* NDMXLCalendarViewController.m in Sources */ = {isa = PBXBuildFile; fileRef = A0FD3C2619B9B304000FFCB9 /* NDMXLCalendarViewController.m */; };
		A0FD3C2A19B9B48C000FFCB9 /* NDCalendarIOS7ViewController.m in Sources */ = {isa = PBXBuildFile; fileRef = A0FD3C2919B9B48C000FFCB9 /* NDCalendarIOS7ViewController.m */; };
		A0FD3C2D19B9B903000FFCB9 /* NDNVCalendarViewController.m in Sources */ = {isa = PBXBuildFile; fileRef = A0FD3C2C19B9B903000FFCB9 /* NDNVCalendarViewController.m */; };
/* End PBXBuildFile section */

/* Begin PBXContainerItemProxy section */
		A0952EE919B9A97F00E6C693 /* PBXContainerItemProxy */ = {
			isa = PBXContainerItemProxy;
			containerPortal = A0952EBB19B9A97F00E6C693 /* Project object */;
			proxyType = 1;
			remoteGlobalIDString = A0952EC219B9A97F00E6C693;
			remoteInfo = NDCalendar;
		};
/* End PBXContainerItemProxy section */

/* Begin PBXFileReference section */
		40942103FE8C469BB71F51F9 /* libPods.a */ = {isa = PBXFileReference; explicitFileType = archive.ar; includeInIndex = 0; path = libPods.a; sourceTree = BUILT_PRODUCTS_DIR; };
		59EAAF67AD014FB39F4AEDF8 /* Pods.xcconfig */ = {isa = PBXFileReference; includeInIndex = 1; lastKnownFileType = text.xcconfig; name = Pods.xcconfig; path = Pods/Pods.xcconfig; sourceTree = "<group>"; };
		A00354C319B9BE3E004EB397 /* DateUtil.h */ = {isa = PBXFileReference; fileEncoding = 4; lastKnownFileType = sourcecode.c.h; path = DateUtil.h; sourceTree = "<group>"; };
		A00354C419B9BE3E004EB397 /* DateUtil.m */ = {isa = PBXFileReference; fileEncoding = 4; lastKnownFileType = sourcecode.c.objc; path = DateUtil.m; sourceTree = "<group>"; };
		A00354C619B9BE3E004EB397 /* DMLazyScrollView.h */ = {isa = PBXFileReference; fileEncoding = 4; lastKnownFileType = sourcecode.c.h; path = DMLazyScrollView.h; sourceTree = "<group>"; };
		A00354C719B9BE3E004EB397 /* DMLazyScrollView.m */ = {isa = PBXFileReference; fileEncoding = 4; lastKnownFileType = sourcecode.c.objc; path = DMLazyScrollView.m; sourceTree = "<group>"; };
		A00354C819B9BE3E004EB397 /* SACalendar.h */ = {isa = PBXFileReference; fileEncoding = 4; lastKnownFileType = sourcecode.c.h; path = SACalendar.h; sourceTree = "<group>"; };
		A00354C919B9BE3E004EB397 /* SACalendar.m */ = {isa = PBXFileReference; fileEncoding = 4; lastKnownFileType = sourcecode.c.objc; path = SACalendar.m; sourceTree = "<group>"; };
		A00354CA19B9BE3E004EB397 /* SACalendarCell.h */ = {isa = PBXFileReference; fileEncoding = 4; lastKnownFileType = sourcecode.c.h; path = SACalendarCell.h; sourceTree = "<group>"; };
		A00354CB19B9BE3E004EB397 /* SACalendarCell.m */ = {isa = PBXFileReference; fileEncoding = 4; lastKnownFileType = sourcecode.c.objc; path = SACalendarCell.m; sourceTree = "<group>"; };
		A00354CC19B9BE3E004EB397 /* SACalendarConstants.h */ = {isa = PBXFileReference; fileEncoding = 4; lastKnownFileType = sourcecode.c.h; path = SACalendarConstants.h; sourceTree = "<group>"; };
		A00354D119B9C9F0004EB397 /* NDSACAlendarViewController.h */ = {isa = PBXFileReference; fileEncoding = 4; lastKnownFileType = sourcecode.c.h; path = NDSACAlendarViewController.h; sourceTree = "<group>"; };
		A00354D219B9C9F0004EB397 /* NDSACAlendarViewController.m */ = {isa = PBXFileReference; fileEncoding = 4; lastKnownFileType = sourcecode.c.objc; path = NDSACAlendarViewController.m; sourceTree = "<group>"; };
		A0952EC319B9A97F00E6C693 /* NDCalendar.app */ = {isa = PBXFileReference; explicitFileType = wrapper.application; includeInIndex = 0; path = NDCalendar.app; sourceTree = BUILT_PRODUCTS_DIR; };
		A0952EC619B9A97F00E6C693 /* Foundation.framework */ = {isa = PBXFileReference; lastKnownFileType = wrapper.framework; name = Foundation.framework; path = System/Library/Frameworks/Foundation.framework; sourceTree = SDKROOT; };
		A0952EC819B9A97F00E6C693 /* CoreGraphics.framework */ = {isa = PBXFileReference; lastKnownFileType = wrapper.framework; name = CoreGraphics.framework; path = System/Library/Frameworks/CoreGraphics.framework; sourceTree = SDKROOT; };
		A0952ECA19B9A97F00E6C693 /* UIKit.framework */ = {isa = PBXFileReference; lastKnownFileType = wrapper.framework; name = UIKit.framework; path = System/Library/Frameworks/UIKit.framework; sourceTree = SDKROOT; };
		A0952ECE19B9A97F00E6C693 /* NDCalendar-Info.plist */ = {isa = PBXFileReference; lastKnownFileType = text.plist.xml; path = "NDCalendar-Info.plist"; sourceTree = "<group>"; };
		A0952ED019B9A97F00E6C693 /* en */ = {isa = PBXFileReference; lastKnownFileType = text.plist.strings; name = en; path = en.lproj/InfoPlist.strings; sourceTree = "<group>"; };
		A0952ED219B9A97F00E6C693 /* main.m */ = {isa = PBXFileReference; lastKnownFileType = sourcecode.c.objc; path = main.m; sourceTree = "<group>"; };
		A0952ED419B9A97F00E6C693 /* NDCalendar-Prefix.pch */ = {isa = PBXFileReference; lastKnownFileType = sourcecode.c.h; path = "NDCalendar-Prefix.pch"; sourceTree = "<group>"; };
		A0952ED519B9A97F00E6C693 /* NDAppDelegate.h */ = {isa = PBXFileReference; lastKnownFileType = sourcecode.c.h; path = NDAppDelegate.h; sourceTree = "<group>"; };
		A0952ED619B9A97F00E6C693 /* NDAppDelegate.m */ = {isa = PBXFileReference; lastKnownFileType = sourcecode.c.objc; path = NDAppDelegate.m; sourceTree = "<group>"; };
		A0952ED919B9A97F00E6C693 /* Base */ = {isa = PBXFileReference; lastKnownFileType = file.storyboard; name = Base; path = Base.lproj/Main.storyboard; sourceTree = "<group>"; };
		A0952EDB19B9A97F00E6C693 /* NDViewController.h */ = {isa = PBXFileReference; lastKnownFileType = sourcecode.c.h; path = NDViewController.h; sourceTree = "<group>"; };
		A0952EDC19B9A97F00E6C693 /* NDViewController.m */ = {isa = PBXFileReference; lastKnownFileType = sourcecode.c.objc; path = NDViewController.m; sourceTree = "<group>"; };
		A0952EDE19B9A97F00E6C693 /* Images.xcassets */ = {isa = PBXFileReference; lastKnownFileType = folder.assetcatalog; path = Images.xcassets; sourceTree = "<group>"; };
		A0952EE419B9A97F00E6C693 /* NDCalendarTests.xctest */ = {isa = PBXFileReference; explicitFileType = wrapper.cfbundle; includeInIndex = 0; path = NDCalendarTests.xctest; sourceTree = BUILT_PRODUCTS_DIR; };
		A0952EE519B9A97F00E6C693 /* XCTest.framework */ = {isa = PBXFileReference; lastKnownFileType = wrapper.framework; name = XCTest.framework; path = Library/Frameworks/XCTest.framework; sourceTree = DEVELOPER_DIR; };
		A0952EED19B9A97F00E6C693 /* NDCalendarTests-Info.plist */ = {isa = PBXFileReference; lastKnownFileType = text.plist.xml; path = "NDCalendarTests-Info.plist"; sourceTree = "<group>"; };
		A0952EEF19B9A97F00E6C693 /* en */ = {isa = PBXFileReference; lastKnownFileType = text.plist.strings; name = en; path = en.lproj/InfoPlist.strings; sourceTree = "<group>"; };
		A0952EF119B9A97F00E6C693 /* NDCalendarTests.m */ = {isa = PBXFileReference; lastKnownFileType = sourcecode.c.objc; path = NDCalendarTests.m; sourceTree = "<group>"; };
		A0994C7319BF173E0074FD30 /* MDCalendar.h */ = {isa = PBXFileReference; fileEncoding = 4; lastKnownFileType = sourcecode.c.h; path = MDCalendar.h; sourceTree = "<group>"; };
		A0994C7419BF173E0074FD30 /* MDCalendar.m */ = {isa = PBXFileReference; fileEncoding = 4; lastKnownFileType = sourcecode.c.objc; path = MDCalendar.m; sourceTree = "<group>"; };
		A0994C7519BF173E0074FD30 /* NSDate+MDCalendar.h */ = {isa = PBXFileReference; fileEncoding = 4; lastKnownFileType = sourcecode.c.h; path = "NSDate+MDCalendar.h"; sourceTree = "<group>"; };
		A0994C7619BF173E0074FD30 /* NSDate+MDCalendar.m */ = {isa = PBXFileReference; fileEncoding = 4; lastKnownFileType = sourcecode.c.objc; path = "NSDate+MDCalendar.m"; sourceTree = "<group>"; };
		A0FD3C2219B9AFD2000FFCB9 /* UIColor+MDCalendarDemo.h */ = {isa = PBXFileReference; fileEncoding = 4; lastKnownFileType = sourcecode.c.h; path = "UIColor+MDCalendarDemo.h"; sourceTree = "<group>"; };
		A0FD3C2319B9AFD2000FFCB9 /* UIColor+MDCalendarDemo.m */ = {isa = PBXFileReference; fileEncoding = 4; lastKnownFileType = sourcecode.c.objc; path = "UIColor+MDCalendarDemo.m"; sourceTree = "<group>"; };
		A0FD3C2519B9B304000FFCB9 /* NDMXLCalendarViewController.h */ = {isa = PBXFileReference; fileEncoding = 4; lastKnownFileType = sourcecode.c.h; path = NDMXLCalendarViewController.h; sourceTree = "<group>"; };
		A0FD3C2619B9B304000FFCB9 /* NDMXLCalendarViewController.m */ = {isa = PBXFileReference; fileEncoding = 4; lastKnownFileType = sourcecode.c.objc; path = NDMXLCalendarViewController.m; sourceTree = "<group>"; };
		A0FD3C2819B9B48C000FFCB9 /* NDCalendarIOS7ViewController.h */ = {isa = PBXFileReference; fileEncoding = 4; lastKnownFileType = sourcecode.c.h; path = NDCalendarIOS7ViewController.h; sourceTree = "<group>"; };
		A0FD3C2919B9B48C000FFCB9 /* NDCalendarIOS7ViewController.m */ = {isa = PBXFileReference; fileEncoding = 4; lastKnownFileType = sourcecode.c.objc; path = NDCalendarIOS7ViewController.m; sourceTree = "<group>"; };
		A0FD3C2B19B9B903000FFCB9 /* NDNVCalendarViewController.h */ = {isa = PBXFileReference; fileEncoding = 4; lastKnownFileType = sourcecode.c.h; path = NDNVCalendarViewController.h; sourceTree = "<group>"; };
		A0FD3C2C19B9B903000FFCB9 /* NDNVCalendarViewController.m */ = {isa = PBXFileReference; fileEncoding = 4; lastKnownFileType = sourcecode.c.objc; path = NDNVCalendarViewController.m; sourceTree = "<group>"; };
/* End PBXFileReference section */

/* Begin PBXFrameworksBuildPhase section */
		A0952EC019B9A97F00E6C693 /* Frameworks */ = {
			isa = PBXFrameworksBuildPhase;
			buildActionMask = 2147483647;
			files = (
				A0952EC919B9A97F00E6C693 /* CoreGraphics.framework in Frameworks */,
				A0952ECB19B9A97F00E6C693 /* UIKit.framework in Frameworks */,
				A0952EC719B9A97F00E6C693 /* Foundation.framework in Frameworks */,
				05B7B14B2AAD42648BD96A5F /* libPods.a in Frameworks */,
			);
			runOnlyForDeploymentPostprocessing = 0;
		};
		A0952EE119B9A97F00E6C693 /* Frameworks */ = {
			isa = PBXFrameworksBuildPhase;
			buildActionMask = 2147483647;
			files = (
				A0952EE619B9A97F00E6C693 /* XCTest.framework in Frameworks */,
				A0952EE819B9A97F00E6C693 /* UIKit.framework in Frameworks */,
				A0952EE719B9A97F00E6C693 /* Foundation.framework in Frameworks */,
			);
			runOnlyForDeploymentPostprocessing = 0;
		};
/* End PBXFrameworksBuildPhase section */

/* Begin PBXGroup section */
		A00354C519B9BE3E004EB397 /* DMLazyScrollView */ = {
			isa = PBXGroup;
			children = (
				A00354C619B9BE3E004EB397 /* DMLazyScrollView.h */,
				A00354C719B9BE3E004EB397 /* DMLazyScrollView.m */,
			);
			name = DMLazyScrollView;
			sourceTree = "<group>";
		};
		A0952EBA19B9A97F00E6C693 = {
			isa = PBXGroup;
			children = (
				A0952ECC19B9A97F00E6C693 /* NDCalendar */,
				A0952EEB19B9A97F00E6C693 /* NDCalendarTests */,
				A0952EC519B9A97F00E6C693 /* Frameworks */,
				A0952EC419B9A97F00E6C693 /* Products */,
				59EAAF67AD014FB39F4AEDF8 /* Pods.xcconfig */,
			);
			sourceTree = "<group>";
		};
		A0952EC419B9A97F00E6C693 /* Products */ = {
			isa = PBXGroup;
			children = (
				A0952EC319B9A97F00E6C693 /* NDCalendar.app */,
				A0952EE419B9A97F00E6C693 /* NDCalendarTests.xctest */,
			);
			name = Products;
			sourceTree = "<group>";
		};
		A0952EC519B9A97F00E6C693 /* Frameworks */ = {
			isa = PBXGroup;
			children = (
				A0952EC619B9A97F00E6C693 /* Foundation.framework */,
				A0952EC819B9A97F00E6C693 /* CoreGraphics.framework */,
				A0952ECA19B9A97F00E6C693 /* UIKit.framework */,
				A0952EE519B9A97F00E6C693 /* XCTest.framework */,
				40942103FE8C469BB71F51F9 /* libPods.a */,
			);
			name = Frameworks;
			sourceTree = "<group>";
		};
		A0952ECC19B9A97F00E6C693 /* NDCalendar */ = {
			isa = PBXGroup;
			children = (
				A0994C7219BF16FB0074FD30 /* Model */,
				A00354C319B9BE3E004EB397 /* DateUtil.h */,
				A00354C419B9BE3E004EB397 /* DateUtil.m */,
				A00354C819B9BE3E004EB397 /* SACalendar.h */,
				A00354C919B9BE3E004EB397 /* SACalendar.m */,
				A00354CA19B9BE3E004EB397 /* SACalendarCell.h */,
				A00354CB19B9BE3E004EB397 /* SACalendarCell.m */,
				A00354CC19B9BE3E004EB397 /* SACalendarConstants.h */,
				A0952ED519B9A97F00E6C693 /* NDAppDelegate.h */,
				A0952ED619B9A97F00E6C693 /* NDAppDelegate.m */,
				A0952ED819B9A97F00E6C693 /* Main.storyboard */,
				A0952EDB19B9A97F00E6C693 /* NDViewController.h */,
				A0952EDC19B9A97F00E6C693 /* NDViewController.m */,
				A0FD3C2519B9B304000FFCB9 /* NDMXLCalendarViewController.h */,
				A0FD3C2619B9B304000FFCB9 /* NDMXLCalendarViewController.m */,
				A0FD3C2819B9B48C000FFCB9 /* NDCalendarIOS7ViewController.h */,
				A0FD3C2919B9B48C000FFCB9 /* NDCalendarIOS7ViewController.m */,
				A0FD3C2B19B9B903000FFCB9 /* NDNVCalendarViewController.h */,
				A0FD3C2C19B9B903000FFCB9 /* NDNVCalendarViewController.m */,
				A00354D119B9C9F0004EB397 /* NDSACAlendarViewController.h */,
				A00354D219B9C9F0004EB397 /* NDSACAlendarViewController.m */,
				A0952EDE19B9A97F00E6C693 /* Images.xcassets */,
				A0952ECD19B9A97F00E6C693 /* Supporting Files */,
			);
			path = NDCalendar;
			sourceTree = "<group>";
		};
		A0952ECD19B9A97F00E6C693 /* Supporting Files */ = {
			isa = PBXGroup;
			children = (
				A0FD3C2219B9AFD2000FFCB9 /* UIColor+MDCalendarDemo.h */,
				A0FD3C2319B9AFD2000FFCB9 /* UIColor+MDCalendarDemo.m */,
				A0952ECE19B9A97F00E6C693 /* NDCalendar-Info.plist */,
				A0952ECF19B9A97F00E6C693 /* InfoPlist.strings */,
				A0952ED219B9A97F00E6C693 /* main.m */,
				A0952ED419B9A97F00E6C693 /* NDCalendar-Prefix.pch */,
			);
			name = "Supporting Files";
			sourceTree = "<group>";
		};
		A0952EEB19B9A97F00E6C693 /* NDCalendarTests */ = {
			isa = PBXGroup;
			children = (
				A0952EF119B9A97F00E6C693 /* NDCalendarTests.m */,
				A0952EEC19B9A97F00E6C693 /* Supporting Files */,
			);
			path = NDCalendarTests;
			sourceTree = "<group>";
		};
		A0952EEC19B9A97F00E6C693 /* Supporting Files */ = {
			isa = PBXGroup;
			children = (
				A0952EED19B9A97F00E6C693 /* NDCalendarTests-Info.plist */,
				A0952EEE19B9A97F00E6C693 /* InfoPlist.strings */,
			);
			name = "Supporting Files";
			sourceTree = "<group>";
		};
		A0994C7219BF16FB0074FD30 /* Model */ = {
			isa = PBXGroup;
			children = (
				A00354C519B9BE3E004EB397 /* DMLazyScrollView */,
				A0994C7319BF173E0074FD30 /* MDCalendar.h */,
				A0994C7419BF173E0074FD30 /* MDCalendar.m */,
				A0994C7519BF173E0074FD30 /* NSDate+MDCalendar.h */,
				A0994C7619BF173E0074FD30 /* NSDate+MDCalendar.m */,
			);
			name = Model;
			path = DMLazyScrollView;
			sourceTree = "<group>";
		};
/* End PBXGroup section */

/* Begin PBXNativeTarget section */
		A0952EC219B9A97F00E6C693 /* NDCalendar */ = {
			isa = PBXNativeTarget;
			buildConfigurationList = A0952EF519B9A97F00E6C693 /* Build configuration list for PBXNativeTarget "NDCalendar" */;
			buildPhases = (
				8A71770E899940CB9EEF5B34 /* Check Pods Manifest.lock */,
				A0952EBF19B9A97F00E6C693 /* Sources */,
				A0952EC019B9A97F00E6C693 /* Frameworks */,
				A0952EC119B9A97F00E6C693 /* Resources */,
				BEA19CCD08A24FE989A6C2E2 /* Copy Pods Resources */,
			);
			buildRules = (
			);
			dependencies = (
			);
			name = NDCalendar;
			productName = NDCalendar;
			productReference = A0952EC319B9A97F00E6C693 /* NDCalendar.app */;
			productType = "com.apple.product-type.application";
		};
		A0952EE319B9A97F00E6C693 /* NDCalendarTests */ = {
			isa = PBXNativeTarget;
			buildConfigurationList = A0952EF819B9A97F00E6C693 /* Build configuration list for PBXNativeTarget "NDCalendarTests" */;
			buildPhases = (
				A0952EE019B9A97F00E6C693 /* Sources */,
				A0952EE119B9A97F00E6C693 /* Frameworks */,
				A0952EE219B9A97F00E6C693 /* Resources */,
			);
			buildRules = (
			);
			dependencies = (
				A0952EEA19B9A97F00E6C693 /* PBXTargetDependency */,
			);
			name = NDCalendarTests;
			productName = NDCalendarTests;
			productReference = A0952EE419B9A97F00E6C693 /* NDCalendarTests.xctest */;
			productType = "com.apple.product-type.bundle.unit-test";
		};
/* End PBXNativeTarget section */

/* Begin PBXProject section */
		A0952EBB19B9A97F00E6C693 /* Project object */ = {
			isa = PBXProject;
			attributes = {
				CLASSPREFIX = ND;
				LastUpgradeCheck = 0510;
				ORGANIZATIONNAME = "DMU-24";
				TargetAttributes = {
					A0952EE319B9A97F00E6C693 = {
						TestTargetID = A0952EC219B9A97F00E6C693;
					};
				};
			};
			buildConfigurationList = A0952EBE19B9A97F00E6C693 /* Build configuration list for PBXProject "NDCalendar" */;
			compatibilityVersion = "Xcode 3.2";
			developmentRegion = English;
			hasScannedForEncodings = 0;
			knownRegions = (
				en,
				Base,
			);
			mainGroup = A0952EBA19B9A97F00E6C693;
			productRefGroup = A0952EC419B9A97F00E6C693 /* Products */;
			projectDirPath = "";
			projectRoot = "";
			targets = (
				A0952EC219B9A97F00E6C693 /* NDCalendar */,
				A0952EE319B9A97F00E6C693 /* NDCalendarTests */,
			);
		};
/* End PBXProject section */

/* Begin PBXResourcesBuildPhase section */
		A0952EC119B9A97F00E6C693 /* Resources */ = {
			isa = PBXResourcesBuildPhase;
			buildActionMask = 2147483647;
			files = (
				A0952EDF19B9A97F00E6C693 /* Images.xcassets in Resources */,
				A0952ED119B9A97F00E6C693 /* InfoPlist.strings in Resources */,
				A0952EDA19B9A97F00E6C693 /* Main.storyboard in Resources */,
			);
			runOnlyForDeploymentPostprocessing = 0;
		};
		A0952EE219B9A97F00E6C693 /* Resources */ = {
			isa = PBXResourcesBuildPhase;
			buildActionMask = 2147483647;
			files = (
				A0952EF019B9A97F00E6C693 /* InfoPlist.strings in Resources */,
			);
			runOnlyForDeploymentPostprocessing = 0;
		};
/* End PBXResourcesBuildPhase section */

/* Begin PBXShellScriptBuildPhase section */
		8A71770E899940CB9EEF5B34 /* Check Pods Manifest.lock */ = {
			isa = PBXShellScriptBuildPhase;
			buildActionMask = 2147483647;
			files = (
			);
			inputPaths = (
			);
			name = "Check Pods Manifest.lock";
			outputPaths = (
			);
			runOnlyForDeploymentPostprocessing = 0;
			shellPath = /bin/sh;
			shellScript = "diff \"${PODS_ROOT}/../Podfile.lock\" \"${PODS_ROOT}/Manifest.lock\" > /dev/null\nif [[ $? != 0 ]] ; then\n    cat << EOM\nerror: The sandbox is not in sync with the Podfile.lock. Run 'pod install' or update your CocoaPods installation.\nEOM\n    exit 1\nfi\n";
			showEnvVarsInLog = 0;
		};
		BEA19CCD08A24FE989A6C2E2 /* Copy Pods Resources */ = {
			isa = PBXShellScriptBuildPhase;
			buildActionMask = 2147483647;
			files = (
			);
			inputPaths = (
			);
			name = "Copy Pods Resources";
			outputPaths = (
			);
			runOnlyForDeploymentPostprocessing = 0;
			shellPath = /bin/sh;
			shellScript = "\"${SRCROOT}/Pods/Pods-resources.sh\"\n";
			showEnvVarsInLog = 0;
		};
/* End PBXShellScriptBuildPhase section */

/* Begin PBXSourcesBuildPhase section */
		A0952EBF19B9A97F00E6C693 /* Sources */ = {
			isa = PBXSourcesBuildPhase;
			buildActionMask = 2147483647;
			files = (
				A0FD3C2719B9B304000FFCB9 /* NDMXLCalendarViewController.m in Sources */,
				A0994C7719BF173E0074FD30 /* MDCalendar.m in Sources */,
				A00354CD19B9BE3E004EB397 /* DateUtil.m in Sources */,
				A00354D319B9C9F0004EB397 /* NDSACAlendarViewController.m in Sources */,
				A0952EDD19B9A97F00E6C693 /* NDViewController.m in Sources */,
				A0FD3C2A19B9B48C000FFCB9 /* NDCalendarIOS7ViewController.m in Sources */,
				A00354D019B9BE3E004EB397 /* SACalendarCell.m in Sources */,
				A0994C7819BF173E0074FD30 /* NSDate+MDCalendar.m in Sources */,
				A00354CE19B9BE3E004EB397 /* DMLazyScrollView.m in Sources */,
				A0952ED719B9A97F00E6C693 /* NDAppDelegate.m in Sources */,
				A0952ED319B9A97F00E6C693 /* main.m in Sources */,
				A00354CF19B9BE3E004EB397 /* SACalendar.m in Sources */,
				A0FD3C2419B9AFD2000FFCB9 /* UIColor+MDCalendarDemo.m in Sources */,
				A0FD3C2D19B9B903000FFCB9 /* NDNVCalendarViewController.m in Sources */,
			);
			runOnlyForDeploymentPostprocessing = 0;
		};
		A0952EE019B9A97F00E6C693 /* Sources */ = {
			isa = PBXSourcesBuildPhase;
			buildActionMask = 2147483647;
			files = (
				A0952EF219B9A97F00E6C693 /* NDCalendarTests.m in Sources */,
			);
			runOnlyForDeploymentPostprocessing = 0;
		};
/* End PBXSourcesBuildPhase section */

/* Begin PBXTargetDependency section */
		A0952EEA19B9A97F00E6C693 /* PBXTargetDependency */ = {
			isa = PBXTargetDependency;
			target = A0952EC219B9A97F00E6C693 /* NDCalendar */;
			targetProxy = A0952EE919B9A97F00E6C693 /* PBXContainerItemProxy */;
		};
/* End PBXTargetDependency section */

/* Begin PBXVariantGroup section */
		A0952ECF19B9A97F00E6C693 /* InfoPlist.strings */ = {
			isa = PBXVariantGroup;
			children = (
				A0952ED019B9A97F00E6C693 /* en */,
			);
			name = InfoPlist.strings;
			sourceTree = "<group>";
		};
		A0952ED819B9A97F00E6C693 /* Main.storyboard */ = {
			isa = PBXVariantGroup;
			children = (
				A0952ED919B9A97F00E6C693 /* Base */,
			);
			name = Main.storyboard;
			sourceTree = "<group>";
		};
		A0952EEE19B9A97F00E6C693 /* InfoPlist.strings */ = {
			isa = PBXVariantGroup;
			children = (
				A0952EEF19B9A97F00E6C693 /* en */,
			);
			name = InfoPlist.strings;
			sourceTree = "<group>";
		};
/* End PBXVariantGroup section */

/* Begin XCBuildConfiguration section */
		A0952EF319B9A97F00E6C693 /* Debug */ = {
			isa = XCBuildConfiguration;
			buildSettings = {
				ALWAYS_SEARCH_USER_PATHS = NO;
				CLANG_CXX_LANGUAGE_STANDARD = "gnu++0x";
				CLANG_CXX_LIBRARY = "libc++";
				CLANG_ENABLE_MODULES = YES;
				CLANG_ENABLE_OBJC_ARC = YES;
				CLANG_WARN_BOOL_CONVERSION = YES;
				CLANG_WARN_CONSTANT_CONVERSION = YES;
				CLANG_WARN_DIRECT_OBJC_ISA_USAGE = YES_ERROR;
				CLANG_WARN_EMPTY_BODY = YES;
				CLANG_WARN_ENUM_CONVERSION = YES;
				CLANG_WARN_INT_CONVERSION = YES;
				CLANG_WARN_OBJC_ROOT_CLASS = YES_ERROR;
				CLANG_WARN__DUPLICATE_METHOD_MATCH = YES;
				"CODE_SIGN_IDENTITY[sdk=iphoneos*]" = "iPhone Developer";
				COPY_PHASE_STRIP = NO;
				GCC_C_LANGUAGE_STANDARD = gnu99;
				GCC_DYNAMIC_NO_PIC = NO;
				GCC_OPTIMIZATION_LEVEL = 0;
				GCC_PREPROCESSOR_DEFINITIONS = (
					"DEBUG=1",
					"$(inherited)",
				);
				GCC_SYMBOLS_PRIVATE_EXTERN = NO;
				GCC_WARN_64_TO_32_BIT_CONVERSION = YES;
				GCC_WARN_ABOUT_RETURN_TYPE = YES_ERROR;
				GCC_WARN_UNDECLARED_SELECTOR = YES;
				GCC_WARN_UNINITIALIZED_AUTOS = YES_AGGRESSIVE;
				GCC_WARN_UNUSED_FUNCTION = YES;
				GCC_WARN_UNUSED_VARIABLE = YES;
				IPHONEOS_DEPLOYMENT_TARGET = 7.1;
				ONLY_ACTIVE_ARCH = YES;
				SDKROOT = iphoneos;
				TARGETED_DEVICE_FAMILY = 2;
			};
			name = Debug;
		};
		A0952EF419B9A97F00E6C693 /* Release */ = {
			isa = XCBuildConfiguration;
			buildSettings = {
				ALWAYS_SEARCH_USER_PATHS = NO;
				CLANG_CXX_LANGUAGE_STANDARD = "gnu++0x";
				CLANG_CXX_LIBRARY = "libc++";
				CLANG_ENABLE_MODULES = YES;
				CLANG_ENABLE_OBJC_ARC = YES;
				CLANG_WARN_BOOL_CONVERSION = YES;
				CLANG_WARN_CONSTANT_CONVERSION = YES;
				CLANG_WARN_DIRECT_OBJC_ISA_USAGE = YES_ERROR;
				CLANG_WARN_EMPTY_BODY = YES;
				CLANG_WARN_ENUM_CONVERSION = YES;
				CLANG_WARN_INT_CONVERSION = YES;
				CLANG_WARN_OBJC_ROOT_CLASS = YES_ERROR;
				CLANG_WARN__DUPLICATE_METHOD_MATCH = YES;
				"CODE_SIGN_IDENTITY[sdk=iphoneos*]" = "iPhone Developer";
				COPY_PHASE_STRIP = YES;
				ENABLE_NS_ASSERTIONS = NO;
				GCC_C_LANGUAGE_STANDARD = gnu99;
				GCC_WARN_64_TO_32_BIT_CONVERSION = YES;
				GCC_WARN_ABOUT_RETURN_TYPE = YES_ERROR;
				GCC_WARN_UNDECLARED_SELECTOR = YES;
				GCC_WARN_UNINITIALIZED_AUTOS = YES_AGGRESSIVE;
				GCC_WARN_UNUSED_FUNCTION = YES;
				GCC_WARN_UNUSED_VARIABLE = YES;
				IPHONEOS_DEPLOYMENT_TARGET = 7.1;
				SDKROOT = iphoneos;
				TARGETED_DEVICE_FAMILY = 2;
				VALIDATE_PRODUCT = YES;
			};
			name = Release;
		};
		A0952EF619B9A97F00E6C693 /* Debug */ = {
			isa = XCBuildConfiguration;
			baseConfigurationReference = 59EAAF67AD014FB39F4AEDF8 /* Pods.xcconfig */;
			buildSettings = {
				ASSETCATALOG_COMPILER_APPICON_NAME = AppIcon;
				ASSETCATALOG_COMPILER_LAUNCHIMAGE_NAME = LaunchImage;
				GCC_PRECOMPILE_PREFIX_HEADER = YES;
				GCC_PREFIX_HEADER = "NDCalendar/NDCalendar-Prefix.pch";
				INFOPLIST_FILE = "NDCalendar/NDCalendar-Info.plist";
				PRODUCT_NAME = "$(TARGET_NAME)";
				WRAPPER_EXTENSION = app;
			};
			name = Debug;
		};
		A0952EF719B9A97F00E6C693 /* Release */ = {
			isa = XCBuildConfiguration;
			baseConfigurationReference = 59EAAF67AD014FB39F4AEDF8 /* Pods.xcconfig */;
			buildSettings = {
				ASSETCATALOG_COMPILER_APPICON_NAME = AppIcon;
				ASSETCATALOG_COMPILER_LAUNCHIMAGE_NAME = LaunchImage;
				GCC_PRECOMPILE_PREFIX_HEADER = YES;
				GCC_PREFIX_HEADER = "NDCalendar/NDCalendar-Prefix.pch";
				INFOPLIST_FILE = "NDCalendar/NDCalendar-Info.plist";
				PRODUCT_NAME = "$(TARGET_NAME)";
				WRAPPER_EXTENSION = app;
			};
			name = Release;
		};
		A0952EF919B9A97F00E6C693 /* Debug */ = {
			isa = XCBuildConfiguration;
			buildSettings = {
				BUNDLE_LOADER = "$(BUILT_PRODUCTS_DIR)/NDCalendar.app/NDCalendar";
				FRAMEWORK_SEARCH_PATHS = (
					"$(SDKROOT)/Developer/Library/Frameworks",
					"$(inherited)",
					"$(DEVELOPER_FRAMEWORKS_DIR)",
				);
				GCC_PRECOMPILE_PREFIX_HEADER = YES;
				GCC_PREFIX_HEADER = "NDCalendar/NDCalendar-Prefix.pch";
				GCC_PREPROCESSOR_DEFINITIONS = (
					"DEBUG=1",
					"$(inherited)",
				);
				INFOPLIST_FILE = "NDCalendarTests/NDCalendarTests-Info.plist";
				PRODUCT_NAME = "$(TARGET_NAME)";
				TEST_HOST = "$(BUNDLE_LOADER)";
				WRAPPER_EXTENSION = xctest;
			};
			name = Debug;
		};
		A0952EFA19B9A97F00E6C693 /* Release */ = {
			isa = XCBuildConfiguration;
			buildSettings = {
				BUNDLE_LOADER = "$(BUILT_PRODUCTS_DIR)/NDCalendar.app/NDCalendar";
				FRAMEWORK_SEARCH_PATHS = (
					"$(SDKROOT)/Developer/Library/Frameworks",
					"$(inherited)",
					"$(DEVELOPER_FRAMEWORKS_DIR)",
				);
				GCC_PRECOMPILE_PREFIX_HEADER = YES;
				GCC_PREFIX_HEADER = "NDCalendar/NDCalendar-Prefix.pch";
				INFOPLIST_FILE = "NDCalendarTests/NDCalendarTests-Info.plist";
				PRODUCT_NAME = "$(TARGET_NAME)";
				TEST_HOST = "$(BUNDLE_LOADER)";
				WRAPPER_EXTENSION = xctest;
			};
			name = Release;
		};
/* End XCBuildConfiguration section */

/* Begin XCConfigurationList section */
		A0952EBE19B9A97F00E6C693 /* Build configuration list for PBXProject "NDCalendar" */ = {
			isa = XCConfigurationList;
			buildConfigurations = (
				A0952EF319B9A97F00E6C693 /* Debug */,
				A0952EF419B9A97F00E6C693 /* Release */,
			);
			defaultConfigurationIsVisible = 0;
			defaultConfigurationName = Release;
		};
		A0952EF519B9A97F00E6C693 /* Build configuration list for PBXNativeTarget "NDCalendar" */ = {
			isa = XCConfigurationList;
			buildConfigurations = (
				A0952EF619B9A97F00E6C693 /* Debug */,
				A0952EF719B9A97F00E6C693 /* Release */,
			);
			defaultConfigurationIsVisible = 0;
			defaultConfigurationName = Release;
		};
		A0952EF819B9A97F00E6C693 /* Build configuration list for PBXNativeTarget "NDCalendarTests" */ = {
			isa = XCConfigurationList;
			buildConfigurations = (
				A0952EF919B9A97F00E6C693 /* Debug */,
				A0952EFA19B9A97F00E6C693 /* Release */,
			);
			defaultConfigurationIsVisible = 0;
			defaultConfigurationName = Release;
		};
/* End XCConfigurationList section */
	};
	rootObject = A0952EBB19B9A97F00E6C693 /* Project object */;
}
